{
  "version": 4,
  "terraform_version": "1.9.5",
  "serial": 125,
  "lineage": "7cf8db06-376b-44bf-1f5e-f4f77eb50803",
  "outputs": {
    "admin_domain": {
      "value": "chat.lawrana.com",
      "type": "string"
    },
    "certificate_arn": {
      "value": "arn:aws:acm:us-east-1:222805629814:certificate/d1b338a1-0730-4b7b-9392-0cc8283e05be",
      "type": "string"
    },
    "chattestandre_site": {
      "value": "chat.lawrana.com.s3-website-us-east-1.amazonaws.com",
      "type": "string"
    },
    "cloudfront_distribution_id": {
      "value": "EGZM0BSFYBVGE",
      "type": "string"
    },
    "cloudfront_domain_name": {
      "value": "d22rnmyd545bay.cloudfront.net",
      "type": "string"
    },
    "website_url": {
      "value": "https://chat.lawrana.com",
      "type": "string"
    }
  },
  "resources": [
    {
      "mode": "data",
      "type": "aws_caller_identity",
      "name": "current",
      "provider": "provider[\"registry.terraform.io/hashicorp/aws\"]",
      "instances": [
        {
          "schema_version": 0,
          "attributes": {
            "account_id": "222805629814",
            "arn": "arn:aws:iam::222805629814:user/diego_cli",
            "id": "222805629814",
            "user_id": "AIDATHYCADN3PYENUIAEH"
          },
          "sensitive_attributes": []
        }
      ]
    },
    {
      "mode": "data",
      "type": "aws_route53_zone",
      "name": "lawrana",
      "provider": "provider[\"registry.terraform.io/hashicorp/aws\"]",
      "instances": [
        {
          "schema_version": 0,
          "attributes": {
            "arn": "arn:aws:route53:::hostedzone/Z095380431105KBPNXJ7G",
            "caller_reference": "terraform-20251014234809427300000001",
            "comment": "Hosted zone para o domínio lawrana.com",
            "id": "Z095380431105KBPNXJ7G",
            "linked_service_description": null,
            "linked_service_principal": null,
            "name": "lawrana.com",
            "name_servers": [
              "ns-1815.awsdns-34.co.uk",
              "ns-993.awsdns-60.net",
              "ns-1303.awsdns-34.org",
              "ns-72.awsdns-09.com"
            ],
            "primary_name_server": "ns-1815.awsdns-34.co.uk",
            "private_zone": false,
            "resource_record_set_count": 11,
            "tags": {},
            "vpc_id": null,
            "zone_id": "Z095380431105KBPNXJ7G"
          },
          "sensitive_attributes": []
        }
      ]
    },
    {
      "mode": "managed",
      "type": "aws_acm_certificate",
      "name": "admin",
      "provider": "provider[\"registry.terraform.io/hashicorp/aws\"].us_east_1",
      "instances": [
        {
          "schema_version": 0,
          "attributes": {
            "arn": "arn:aws:acm:us-east-1:222805629814:certificate/d1b338a1-0730-4b7b-9392-0cc8283e05be",
            "certificate_authority_arn": "",
            "certificate_body": null,
            "certificate_chain": null,
            "domain_name": "chat.lawrana.com",
            "domain_validation_options": [
              {
                "domain_name": "chat.lawrana.com",
                "resource_record_name": "_747fcaabf3e1f28a1d64e0dce902e379.chat.lawrana.com.",
                "resource_record_type": "CNAME",
                "resource_record_value": "_84cfacdf1628d54e683394abee47b21a.jkddzztszm.acm-validations.aws."
              }
            ],
            "early_renewal_duration": "",
            "id": "arn:aws:acm:us-east-1:222805629814:certificate/d1b338a1-0730-4b7b-9392-0cc8283e05be",
            "key_algorithm": "RSA_2048",
            "not_after": "2027-01-05T23:59:59Z",
            "not_before": "2025-12-07T00:00:00Z",
            "options": [
              {
                "certificate_transparency_logging_preference": "ENABLED"
              }
            ],
            "pending_renewal": false,
            "private_key": null,
            "renewal_eligibility": "ELIGIBLE",
            "renewal_summary": [],
            "status": "ISSUED",
            "subject_alternative_names": [
              "chat.lawrana.com"
            ],
            "tags": {
              "Environment": "Production",
              "Name": "chat.lawrana.com"
            },
            "tags_all": {
              "Environment": "Production",
              "Name": "chat.lawrana.com"
            },
            "type": "AMAZON_ISSUED",
            "validation_emails": [],
            "validation_method": "DNS",
            "validation_option": []
          },
          "sensitive_attributes": [
            [
              {
                "type": "get_attr",
                "value": "private_key"
              }
            ]
          ],
          "private": "bnVsbA==",
          "create_before_destroy": true
        }
      ]
    },
    {
      "mode": "managed",
      "type": "aws_acm_certificate_validation",
      "name": "admin",
      "provider": "provider[\"registry.terraform.io/hashicorp/aws\"].us_east_1",
      "instances": [
        {
          "schema_version": 0,
          "attributes": {
            "certificate_arn": "arn:aws:acm:us-east-1:222805629814:certificate/d1b338a1-0730-4b7b-9392-0cc8283e05be",
            "id": "2025-12-07 13:50:18.757 +0000 UTC",
            "timeouts": null,
            "validation_record_fqdns": [
              "_747fcaabf3e1f28a1d64e0dce902e379.chat.lawrana.com"
            ]
          },
          "sensitive_attributes": [],
          "private": "eyJlMmJmYjczMC1lY2FhLTExZTYtOGY4OC0zNDM2M2JjN2M0YzAiOnsiY3JlYXRlIjo0NTAwMDAwMDAwMDAwfX0=",
          "dependencies": [
            "aws_acm_certificate.admin",
            "aws_route53_record.cert_validation",
            "data.aws_route53_zone.lawrana"
          ]
        }
      ]
    },
    {
      "mode": "managed",
      "type": "aws_cloudfront_cache_policy",
      "name": "angular_spa",
      "provider": "provider[\"registry.terraform.io/hashicorp/aws\"]",
      "instances": [
        {
          "schema_version": 0,
          "attributes": {
            "arn": "arn:aws:cloudfront::222805629814:cache-policy/4b4958b7-5ecd-465b-8864-dbdd3c17392b",
            "comment": "Cache policy for Angular SPA with low TTL",
            "default_ttl": 60,
            "etag": "E3UN6WX5RRO2AG",
            "id": "4b4958b7-5ecd-465b-8864-dbdd3c17392b",
            "max_ttl": 3600,
            "min_ttl": 0,
            "name": "chat-lawrana-spa-cache-policy",
            "parameters_in_cache_key_and_forwarded_to_origin": [
              {
                "cookies_config": [
                  {
                    "cookie_behavior": "none",
                    "cookies": []
                  }
                ],
                "enable_accept_encoding_brotli": true,
                "enable_accept_encoding_gzip": true,
                "headers_config": [
                  {
                    "header_behavior": "none",
                    "headers": []
                  }
                ],
                "query_strings_config": [
                  {
                    "query_string_behavior": "none",
                    "query_strings": []
                  }
                ]
              }
            ]
          },
          "sensitive_attributes": [],
          "private": "bnVsbA=="
        }
      ]
    },
    {
      "mode": "managed",
      "type": "aws_cloudfront_distribution",
      "name": "angular_distribution",
      "provider": "provider[\"registry.terraform.io/hashicorp/aws\"]",
      "instances": [
        {
          "schema_version": 1,
          "attributes": {
            "aliases": [
              "chat.lawrana.com"
            ],
            "arn": "arn:aws:cloudfront::222805629814:distribution/EGZM0BSFYBVGE",
            "caller_reference": "terraform-20251207141129932500000001",
            "comment": "CloudFront distribution for chat.lawrana.com",
            "continuous_deployment_policy_id": "",
            "custom_error_response": [
              {
                "error_caching_min_ttl": 300,
                "error_code": 403,
                "response_code": 200,
                "response_page_path": "/index.html"
              },
              {
                "error_caching_min_ttl": 300,
                "error_code": 404,
                "response_code": 200,
                "response_page_path": "/index.html"
              }
            ],
            "default_cache_behavior": [
              {
                "allowed_methods": [
                  "GET",
                  "HEAD",
                  "OPTIONS"
                ],
                "cache_policy_id": "4b4958b7-5ecd-465b-8864-dbdd3c17392b",
                "cached_methods": [
                  "GET",
                  "HEAD"
                ],
                "compress": true,
                "default_ttl": 0,
                "field_level_encryption_id": "",
                "forwarded_values": [],
                "function_association": [],
                "grpc_config": [
                  {
                    "enabled": false
                  }
                ],
                "lambda_function_association": [],
                "max_ttl": 0,
                "min_ttl": 0,
                "origin_request_policy_id": "88a5eaf4-2fd4-4709-b370-b4c650ea3fcf",
                "realtime_log_config_arn": "",
                "response_headers_policy_id": "",
                "smooth_streaming": false,
                "target_origin_id": "S3-chat-lawrana",
                "trusted_key_groups": [],
                "trusted_signers": [],
                "viewer_protocol_policy": "redirect-to-https"
              }
            ],
            "default_root_object": "index.html",
            "domain_name": "d22rnmyd545bay.cloudfront.net",
            "enabled": true,
            "etag": "E2BUKD2S6X2DBQ",
            "hosted_zone_id": "Z2FDTNDATAQYW2",
            "http_version": "http2",
            "id": "EGZM0BSFYBVGE",
            "in_progress_validation_batches": 0,
            "is_ipv6_enabled": true,
            "last_modified_time": "2025-12-07 14:10:36.456 +0000 UTC",
            "logging_config": [],
            "ordered_cache_behavior": [],
            "origin": [
              {
                "connection_attempts": 3,
                "connection_timeout": 10,
                "custom_header": [],
                "custom_origin_config": [],
                "domain_name": "chat.lawrana.com.s3.us-east-1.amazonaws.com",
                "origin_access_control_id": "E3IYU44Z8DI70P",
                "origin_id": "S3-chat-lawrana",
                "origin_path": "",
                "origin_shield": [],
                "s3_origin_config": [],
                "vpc_origin_config": []
              }
            ],
            "origin_group": [],
            "price_class": "PriceClass_100",
            "restrictions": [
              {
                "geo_restriction": [
                  {
                    "locations": [],
                    "restriction_type": "none"
                  }
                ]
              }
            ],
            "retain_on_delete": false,
            "staging": false,
            "status": "Deployed",
            "tags": {
              "Environment": "Production",
              "Name": "chat-lawrana-cloudfront"
            },
            "tags_all": {
              "Environment": "Production",
              "Name": "chat-lawrana-cloudfront"
            },
            "trusted_key_groups": [
              {
                "enabled": false,
                "items": []
              }
            ],
            "trusted_signers": [
              {
                "enabled": false,
                "items": []
              }
            ],
            "viewer_certificate": [
              {
                "acm_certificate_arn": "arn:aws:acm:us-east-1:222805629814:certificate/d1b338a1-0730-4b7b-9392-0cc8283e05be",
                "cloudfront_default_certificate": false,
                "iam_certificate_id": "",
                "minimum_protocol_version": "TLSv1.2_2021",
                "ssl_support_method": "sni-only"
              }
            ],
            "wait_for_deployment": true,
            "web_acl_id": ""
          },
          "sensitive_attributes": [],
          "private": "eyJzY2hlbWFfdmVyc2lvbiI6IjEifQ==",
          "dependencies": [
            "aws_acm_certificate.admin",
            "aws_acm_certificate_validation.admin",
            "aws_cloudfront_cache_policy.angular_spa",
            "aws_cloudfront_origin_access_control.s3_oac",
            "aws_route53_record.cert_validation",
            "aws_s3_bucket.angular_app_bucket",
            "data.aws_route53_zone.lawrana"
          ]
        }
      ]
    },
    {
      "mode": "managed",
      "type": "aws_cloudfront_origin_access_control",
      "name": "s3_oac",
      "provider": "provider[\"registry.terraform.io/hashicorp/aws\"]",
      "instances": [
        {
          "schema_version": 0,
          "attributes": {
            "arn": "arn:aws:cloudfront::222805629814:origin-access-control/E3IYU44Z8DI70P",
            "description": "OAC for S3 bucket",
            "etag": "ETVPDKIKX0DER",
            "id": "E3IYU44Z8DI70P",
            "name": "chat-lawrana-s3-oac",
            "origin_access_control_origin_type": "s3",
            "signing_behavior": "always",
            "signing_protocol": "sigv4"
          },
          "sensitive_attributes": [],
          "private": "bnVsbA=="
        }
      ]
    },
    {
      "mode": "managed",
      "type": "aws_route53_record",
      "name": "admin",
      "provider": "provider[\"registry.terraform.io/hashicorp/aws\"]",
      "instances": [
        {
          "schema_version": 2,
          "attributes": {
            "alias": [
              {
                "evaluate_target_health": false,
                "name": "d22rnmyd545bay.cloudfront.net",
                "zone_id": "Z2FDTNDATAQYW2"
              }
            ],
            "allow_overwrite": null,
            "cidr_routing_policy": [],
            "failover_routing_policy": [],
            "fqdn": "chat.lawrana.com",
            "geolocation_routing_policy": [],
            "geoproximity_routing_policy": [],
            "health_check_id": "",
            "id": "Z095380431105KBPNXJ7G_chat.lawrana.com_A",
            "latency_routing_policy": [],
            "multivalue_answer_routing_policy": false,
            "name": "chat.lawrana.com",
            "records": [],
            "set_identifier": "",
            "timeouts": null,
            "ttl": 0,
            "type": "A",
            "weighted_routing_policy": [],
            "zone_id": "Z095380431105KBPNXJ7G"
          },
          "sensitive_attributes": [],
          "private": "eyJlMmJmYjczMC1lY2FhLTExZTYtOGY4OC0zNDM2M2JjN2M0YzAiOnsiY3JlYXRlIjoxODAwMDAwMDAwMDAwLCJkZWxldGUiOjE4MDAwMDAwMDAwMDAsInVwZGF0ZSI6MTgwMDAwMDAwMDAwMH0sInNjaGVtYV92ZXJzaW9uIjoiMiJ9",
          "dependencies": [
            "aws_acm_certificate.admin",
            "aws_acm_certificate_validation.admin",
            "aws_cloudfront_cache_policy.angular_spa",
            "aws_cloudfront_distribution.angular_distribution",
            "aws_cloudfront_origin_access_control.s3_oac",
            "aws_route53_record.cert_validation",
            "aws_s3_bucket.angular_app_bucket",
            "data.aws_route53_zone.lawrana"
          ]
        }
      ]
    },
    {
      "mode": "managed",
      "type": "aws_route53_record",
      "name": "cert_validation",
      "provider": "provider[\"registry.terraform.io/hashicorp/aws\"]",
      "instances": [
        {
          "index_key": "chat.lawrana.com",
          "schema_version": 2,
          "attributes": {
            "alias": [],
            "allow_overwrite": true,
            "cidr_routing_policy": [],
            "failover_routing_policy": [],
            "fqdn": "_747fcaabf3e1f28a1d64e0dce902e379.chat.lawrana.com",
            "geolocation_routing_policy": [],
            "geoproximity_routing_policy": [],
            "health_check_id": "",
            "id": "Z095380431105KBPNXJ7G__747fcaabf3e1f28a1d64e0dce902e379.chat.lawrana.com._CNAME",
            "latency_routing_policy": [],
            "multivalue_answer_routing_policy": false,
            "name": "_747fcaabf3e1f28a1d64e0dce902e379.chat.lawrana.com",
            "records": [
              "_84cfacdf1628d54e683394abee47b21a.jkddzztszm.acm-validations.aws."
            ],
            "set_identifier": "",
            "timeouts": null,
            "ttl": 60,
            "type": "CNAME",
            "weighted_routing_policy": [],
            "zone_id": "Z095380431105KBPNXJ7G"
          },
          "sensitive_attributes": [],
          "private": "eyJlMmJmYjczMC1lY2FhLTExZTYtOGY4OC0zNDM2M2JjN2M0YzAiOnsiY3JlYXRlIjoxODAwMDAwMDAwMDAwLCJkZWxldGUiOjE4MDAwMDAwMDAwMDAsInVwZGF0ZSI6MTgwMDAwMDAwMDAwMH0sInNjaGVtYV92ZXJzaW9uIjoiMiJ9",
          "dependencies": [
            "aws_acm_certificate.admin",
            "data.aws_route53_zone.lawrana"
          ]
        }
      ]
    },
    {
      "mode": "managed",
      "type": "aws_s3_bucket",
      "name": "angular_app_bucket",
      "provider": "provider[\"registry.terraform.io/hashicorp/aws\"]",
      "instances": [
        {
          "schema_version": 0,
          "attributes": {
            "acceleration_status": "",
            "acl": null,
            "arn": "arn:aws:s3:::chat.lawrana.com",
            "bucket": "chat.lawrana.com",
            "bucket_domain_name": "chat.lawrana.com.s3.amazonaws.com",
            "bucket_prefix": "",
            "bucket_regional_domain_name": "chat.lawrana.com.s3.us-east-1.amazonaws.com",
            "cors_rule": [],
            "force_destroy": true,
            "grant": [
              {
                "id": "bd4ed7dd442f127ff0f6d25bdf3ba84f773026e96aac9f76482c7c00793cbe23",
                "permissions": [
                  "FULL_CONTROL"
                ],
                "type": "CanonicalUser",
                "uri": ""
              }
            ],
            "hosted_zone_id": "Z3AQBSTGFYJSTF",
            "id": "chat.lawrana.com",
            "lifecycle_rule": [],
            "logging": [],
            "object_lock_configuration": [],
            "object_lock_enabled": false,
            "policy": "{\"Statement\":[{\"Action\":\"s3:GetObject\",\"Condition\":{\"StringEquals\":{\"AWS:SourceArn\":\"arn:aws:cloudfront::222805629814:distribution/EGZM0BSFYBVGE\"}},\"Effect\":\"Allow\",\"Principal\":{\"Service\":\"cloudfront.amazonaws.com\"},\"Resource\":\"arn:aws:s3:::chat.lawrana.com/*\"}],\"Version\":\"2012-10-17\"}",
            "region": "us-east-1",
            "replication_configuration": [],
            "request_payer": "BucketOwner",
            "server_side_encryption_configuration": [
              {
                "rule": [
                  {
                    "apply_server_side_encryption_by_default": [
                      {
                        "kms_master_key_id": "",
                        "sse_algorithm": "AES256"
                      }
                    ],
                    "bucket_key_enabled": false
                  }
                ]
              }
            ],
            "tags": {
              "Environment": "Production",
              "Name": "AngularAppBucket"
            },
            "tags_all": {
              "Environment": "Production",
              "Name": "AngularAppBucket"
            },
            "timeouts": null,
            "versioning": [
              {
                "enabled": false,
                "mfa_delete": false
              }
            ],
            "website": [
              {
                "error_document": "index.html",
                "index_document": "index.html",
                "redirect_all_requests_to": "",
                "routing_rules": ""
              }
            ],
            "website_domain": "s3-website-us-east-1.amazonaws.com",
            "website_endpoint": "chat.lawrana.com.s3-website-us-east-1.amazonaws.com"
          },
          "sensitive_attributes": [],
          "private": "eyJlMmJmYjczMC1lY2FhLTExZTYtOGY4OC0zNDM2M2JjN2M0YzAiOnsiY3JlYXRlIjoxMjAwMDAwMDAwMDAwLCJkZWxldGUiOjM2MDAwMDAwMDAwMDAsInJlYWQiOjEyMDAwMDAwMDAwMDAsInVwZGF0ZSI6MTIwMDAwMDAwMDAwMH19"
        }
      ]
    },
    {
      "mode": "managed",
      "type": "aws_s3_bucket_policy",
      "name": "angular_app_bucket_policy",
      "provider": "provider[\"registry.terraform.io/hashicorp/aws\"]",
      "instances": [
        {
          "schema_version": 0,
          "attributes": {
            "bucket": "chat.lawrana.com",
            "id": "chat.lawrana.com",
            "policy": "{\"Statement\":[{\"Action\":\"s3:GetObject\",\"Condition\":{\"StringEquals\":{\"AWS:SourceArn\":\"arn:aws:cloudfront::222805629814:distribution/EGZM0BSFYBVGE\"}},\"Effect\":\"Allow\",\"Principal\":{\"Service\":\"cloudfront.amazonaws.com\"},\"Resource\":\"arn:aws:s3:::chat.lawrana.com/*\"}],\"Version\":\"2012-10-17\"}"
          },
          "sensitive_attributes": [],
          "private": "bnVsbA==",
          "dependencies": [
            "aws_acm_certificate.admin",
            "aws_acm_certificate_validation.admin",
            "aws_cloudfront_cache_policy.angular_spa",
            "aws_cloudfront_distribution.angular_distribution",
            "aws_cloudfront_origin_access_control.s3_oac",
            "aws_route53_record.cert_validation",
            "aws_s3_bucket.angular_app_bucket",
            "data.aws_route53_zone.lawrana"
          ]
        }
      ]
    },
    {
      "mode": "managed",
      "type": "aws_s3_bucket_website_configuration",
      "name": "angular_app_website",
      "provider": "provider[\"registry.terraform.io/hashicorp/aws\"]",
      "instances": [
        {
          "schema_version": 0,
          "attributes": {
            "bucket": "chat.lawrana.com",
            "error_document": [
              {
                "key": "index.html"
              }
            ],
            "expected_bucket_owner": "",
            "id": "chat.lawrana.com",
            "index_document": [
              {
                "suffix": "index.html"
              }
            ],
            "redirect_all_requests_to": [],
            "routing_rule": [],
            "routing_rules": "",
            "website_domain": "s3-website-us-east-1.amazonaws.com",
            "website_endpoint": "chat.lawrana.com.s3-website-us-east-1.amazonaws.com"
          },
          "sensitive_attributes": [],
          "private": "bnVsbA==",
          "dependencies": [
            "aws_s3_bucket.angular_app_bucket"
          ]
        }
      ]
    },
    {
      "mode": "managed",
      "type": "aws_s3_object",
      "name": "angular_app_files",
      "provider": "provider[\"registry.terraform.io/hashicorp/aws\"]",
      "instances": [
        {
          "index_key": "diretorio.jpg",
          "schema_version": 0,
          "attributes": {
            "acl": null,
            "arn": "arn:aws:s3:::chat.lawrana.com/diretorio.jpg",
            "bucket": "chat.lawrana.com",
            "bucket_key_enabled": false,
            "cache_control": "",
            "checksum_algorithm": null,
            "checksum_crc32": "",
            "checksum_crc32c": "",
            "checksum_crc64nvme": "",
            "checksum_sha1": "",
            "checksum_sha256": "",
            "content": null,
            "content_base64": null,
            "content_disposition": "",
            "content_encoding": "",
            "content_language": "",
            "content_type": "image/jpeg",
            "etag": "31169dff25c5f044c3fc46388e26ce6c",
            "force_destroy": false,
            "id": "diretorio.jpg",
            "key": "diretorio.jpg",
            "kms_key_id": null,
            "metadata": {},
            "object_lock_legal_hold_status": "",
            "object_lock_mode": "",
            "object_lock_retain_until_date": "",
            "override_provider": [],
            "server_side_encryption": "AES256",
            "source": "./../chat-app/dist/chat-app/browser/diretorio.jpg",
            "source_hash": null,
            "storage_class": "STANDARD",
            "tags": {},
            "tags_all": {},
            "version_id": "",
            "website_redirect": ""
          },
          "sensitive_attributes": [],
          "private": "bnVsbA==",
          "dependencies": [
            "aws_s3_bucket.angular_app_bucket"
          ]
        },
        {
          "index_key": "diretorio.png",
          "schema_version": 0,
          "attributes": {
            "acl": null,
            "arn": "arn:aws:s3:::chat.lawrana.com/diretorio.png",
            "bucket": "chat.lawrana.com",
            "bucket_key_enabled": false,
            "cache_control": "",
            "checksum_algorithm": null,
            "checksum_crc32": "",
            "checksum_crc32c": "",
            "checksum_crc64nvme": "",
            "checksum_sha1": "",
            "checksum_sha256": "",
            "content": null,
            "content_base64": null,
            "content_disposition": "",
            "content_encoding": "",
            "content_language": "",
            "content_type": "image/png",
            "etag": "bebd6234d484771b5eb8e0de1f3753e3",
            "force_destroy": false,
            "id": "diretorio.png",
            "key": "diretorio.png",
            "kms_key_id": null,
            "metadata": {},
            "object_lock_legal_hold_status": "",
            "object_lock_mode": "",
            "object_lock_retain_until_date": "",
            "override_provider": [],
            "server_side_encryption": "AES256",
            "source": "./../chat-app/dist/chat-app/browser/diretorio.png",
            "source_hash": null,
            "storage_class": "STANDARD",
            "tags": {},
            "tags_all": {},
            "version_id": "",
            "website_redirect": ""
          },
          "sensitive_attributes": [],
          "private": "bnVsbA==",
          "dependencies": [
            "aws_s3_bucket.angular_app_bucket"
          ]
        },
        {
          "index_key": "favicon.ico",
          "schema_version": 0,
          "attributes": {
            "acl": null,
            "arn": "arn:aws:s3:::chat.lawrana.com/favicon.ico",
            "bucket": "chat.lawrana.com",
            "bucket_key_enabled": false,
            "cache_control": "",
            "checksum_algorithm": null,
            "checksum_crc32": "",
            "checksum_crc32c": "",
            "checksum_crc64nvme": "",
            "checksum_sha1": "",
            "checksum_sha256": "",
            "content": null,
            "content_base64": null,
            "content_disposition": "",
            "content_encoding": "",
            "content_language": "",
            "content_type": "image/x-icon",
            "etag": "05bcfe9a02b93e1c5a5da14bfda8c41f",
            "force_destroy": false,
            "id": "favicon.ico",
            "key": "favicon.ico",
            "kms_key_id": null,
            "metadata": {},
            "object_lock_legal_hold_status": "",
            "object_lock_mode": "",
            "object_lock_retain_until_date": "",
            "override_provider": [],
            "server_side_encryption": "AES256",
            "source": "./../chat-app/dist/chat-app/browser/favicon.ico",
            "source_hash": null,
            "storage_class": "STANDARD",
            "tags": {},
            "tags_all": {},
            "version_id": "",
            "website_redirect": ""
          },
          "sensitive_attributes": [],
          "private": "bnVsbA==",
          "dependencies": [
            "aws_s3_bucket.angular_app_bucket"
          ]
        },
        {
          "index_key": "index.html",
          "schema_version": 0,
          "attributes": {
            "acl": null,
            "arn": "arn:aws:s3:::chat.lawrana.com/index.html",
            "bucket": "chat.lawrana.com",
            "bucket_key_enabled": false,
            "cache_control": "",
            "checksum_algorithm": null,
            "checksum_crc32": "",
            "checksum_crc32c": "",
            "checksum_crc64nvme": "",
            "checksum_sha1": "",
            "checksum_sha256": "",
            "content": null,
            "content_base64": null,
            "content_disposition": "",
            "content_encoding": "",
            "content_language": "",
            "content_type": "text/html",
            "etag": "0ecf157802506b903bd428aaf6f8181f",
            "force_destroy": false,
            "id": "index.html",
            "key": "index.html",
            "kms_key_id": null,
            "metadata": {},
            "object_lock_legal_hold_status": "",
            "object_lock_mode": "",
            "object_lock_retain_until_date": "",
            "override_provider": [],
            "server_side_encryption": "AES256",
            "source": "./../chat-app/dist/chat-app/browser/index.html",
            "source_hash": null,
            "storage_class": "STANDARD",
            "tags": {},
            "tags_all": {},
            "version_id": "",
            "website_redirect": ""
          },
          "sensitive_attributes": [],
          "private": "bnVsbA==",
          "dependencies": [
            "aws_s3_bucket.angular_app_bucket"
          ]
        },
        {
          "index_key": "main-MUUITUAL.js",
          "schema_version": 0,
          "attributes": {
            "acl": null,
            "arn": "arn:aws:s3:::chat.lawrana.com/main-MUUITUAL.js",
            "bucket": "chat.lawrana.com",
            "bucket_key_enabled": false,
            "cache_control": "",
            "checksum_algorithm": null,
            "checksum_crc32": "",
            "checksum_crc32c": "",
            "checksum_crc64nvme": "",
            "checksum_sha1": "",
            "checksum_sha256": "",
            "content": null,
            "content_base64": null,
            "content_disposition": "",
            "content_encoding": "",
            "content_language": "",
            "content_type": "application/javascript",
            "etag": "36b5e6e6a88d6052324183390fa3451d",
            "force_destroy": false,
            "id": "main-MUUITUAL.js",
            "key": "main-MUUITUAL.js",
            "kms_key_id": null,
            "metadata": null,
            "object_lock_legal_hold_status": "",
            "object_lock_mode": "",
            "object_lock_retain_until_date": "",
            "override_provider": [],
            "server_side_encryption": "AES256",
            "source": "./../chat-app/dist/chat-app/browser/main-MUUITUAL.js",
            "source_hash": null,
            "storage_class": "STANDARD",
            "tags": null,
            "tags_all": {},
            "version_id": "",
            "website_redirect": ""
          },
          "sensitive_attributes": [],
          "private": "bnVsbA==",
          "dependencies": [
            "aws_s3_bucket.angular_app_bucket"
          ]
        },
        {
          "index_key": "pdf.png",
          "schema_version": 0,
          "attributes": {
            "acl": null,
            "arn": "arn:aws:s3:::chat.lawrana.com/pdf.png",
            "bucket": "chat.lawrana.com",
            "bucket_key_enabled": false,
            "cache_control": "",
            "checksum_algorithm": null,
            "checksum_crc32": "",
            "checksum_crc32c": "",
            "checksum_crc64nvme": "",
            "checksum_sha1": "",
            "checksum_sha256": "",
            "content": null,
            "content_base64": null,
            "content_disposition": "",
            "content_encoding": "",
            "content_language": "",
            "content_type": "image/png",
            "etag": "426a21b1066fcf051f6f4b96f3bc4ecf",
            "force_destroy": false,
            "id": "pdf.png",
            "key": "pdf.png",
            "kms_key_id": null,
            "metadata": {},
            "object_lock_legal_hold_status": "",
            "object_lock_mode": "",
            "object_lock_retain_until_date": "",
            "override_provider": [],
            "server_side_encryption": "AES256",
            "source": "./../chat-app/dist/chat-app/browser/pdf.png",
            "source_hash": null,
            "storage_class": "STANDARD",
            "tags": {},
            "tags_all": {},
            "version_id": "",
            "website_redirect": ""
          },
          "sensitive_attributes": [],
          "private": "bnVsbA==",
          "dependencies": [
            "aws_s3_bucket.angular_app_bucket"
          ]
        },
        {
          "index_key": "styles-S4GSKHCX.css",
          "schema_version": 0,
          "attributes": {
            "acl": null,
            "arn": "arn:aws:s3:::chat.lawrana.com/styles-S4GSKHCX.css",
            "bucket": "chat.lawrana.com",
            "bucket_key_enabled": false,
            "cache_control": "",
            "checksum_algorithm": null,
            "checksum_crc32": "",
            "checksum_crc32c": "",
            "checksum_crc64nvme": "",
            "checksum_sha1": "",
            "checksum_sha256": "",
            "content": null,
            "content_base64": null,
            "content_disposition": "",
            "content_encoding": "",
            "content_language": "",
            "content_type": "text/css",
            "etag": "ddf474910688bb704038c46683e13a8b",
            "force_destroy": false,
            "id": "styles-S4GSKHCX.css",
            "key": "styles-S4GSKHCX.css",
            "kms_key_id": null,
            "metadata": {},
            "object_lock_legal_hold_status": "",
            "object_lock_mode": "",
            "object_lock_retain_until_date": "",
            "override_provider": [],
            "server_side_encryption": "AES256",
            "source": "./../chat-app/dist/chat-app/browser/styles-S4GSKHCX.css",
            "source_hash": null,
            "storage_class": "STANDARD",
            "tags": {},
            "tags_all": {},
            "version_id": "",
            "website_redirect": ""
          },
          "sensitive_attributes": [],
          "private": "bnVsbA==",
          "dependencies": [
            "aws_s3_bucket.angular_app_bucket"
          ]
        }
      ]
    },
    {
      "mode": "managed",
      "type": "null_resource",
      "name": "invalidate_cloudfront",
      "provider": "provider[\"registry.terraform.io/hashicorp/null\"]",
      "instances": [
        {
          "schema_version": 0,
          "attributes": {
            "id": "735531884",
            "triggers": {
              "timestamp": "2025-12-14T19:46:24Z"
            }
          },
          "sensitive_attributes": [],
          "dependencies": [
            "aws_acm_certificate.admin",
            "aws_acm_certificate_validation.admin",
            "aws_cloudfront_cache_policy.angular_spa",
            "aws_cloudfront_distribution.angular_distribution",
            "aws_cloudfront_origin_access_control.s3_oac",
            "aws_route53_record.cert_validation",
            "aws_s3_bucket.angular_app_bucket",
            "aws_s3_object.angular_app_files",
            "data.aws_route53_zone.lawrana"
          ]
        }
      ]
    }
  ],
  "check_results": null
}
